
Microsoft Visual Studio Solution File, Format Version 12.00
# Visual Studio Version 17
VisualStudioVersion = 17.8.34511.84
MinimumVisualStudioVersion = 10.0.40219.1
Project("{FAE04EC0-301F-11D3-BF4B-00C04F79EFBC}") = "Programa 2 C# intermedio", "Programa 2 C# intermedio\Programa 2 C# intermedio.csproj", "{586D2BED-0A6E-449C-89BC-9E2DA87E87EF}"
EndProject
Global
	GlobalSection(SolutionConfigurationPlatforms) = preSolution
		Debug|Any CPU = Debug|Any CPU
		Release|Any CPU = Release|Any CPU
	EndGlobalSection
	GlobalSection(ProjectConfigurationPlatforms) = postSolution
		{586D2BED-0A6E-449C-89BC-9E2DA87E87EF}.Debug|Any CPU.ActiveCfg = Debug|Any CPU
		{586D2BED-0A6E-449C-89BC-9E2DA87E87EF}.Debug|Any CPU.Build.0 = Debug|Any CPU
		{586D2BED-0A6E-449C-89BC-9E2DA87E87EF}.Release|Any CPU.ActiveCfg = Release|Any CPU
		{586D2BED-0A6E-449C-89BC-9E2DA87E87EF}.Release|Any CPU.Build.0 = Release|Any CPU
	EndGlobalSection
	GlobalSection(SolutionProperties) = preSolution
		HideSolutionNode = FALSE
	EndGlobalSection
	GlobalSection(ExtensibilityGlobals) = postSolution
		SolutionGuid = {03355D22-68B6-4BF8-B3C5-9A33E9997E77}
	EndGlobalSection
EndGlobal
